
Microsoft Visual Studio Solution File, Format Version 12.00
# Visual Studio Version 17
VisualStudioVersion = 17.1.32414.318
MinimumVisualStudioVersion = 10.0.40219.1
Project("{9A19103F-16F7-4668-BE54-9A1E7A4F7556}") = "SonhoSemijoiasAPP", "SonhoSemijoiasAPP.csproj", "{22956686-654B-488F-9A1E-FD4F536DD46D}"
EndProject
Project("{FAE04EC0-301F-11D3-BF4B-00C04F79EFBC}") = "SonhoSemijoiasBusiness", "..\SonhoSemijoiasBusiness\SonhoSemijoiasBusiness.csproj", "{8C9B8490-E29D-4662-8C05-F58C28090663}"
EndProject
Project("{FAE04EC0-301F-11D3-BF4B-00C04F79EFBC}") = "SonhoSemijoiasDataBase", "..\SonhoSemijoiasDataBase\SonhoSemijoiasDataBase.csproj", "{7C16ECC2-7D68-4440-B825-AB1EADA4F58D}"
EndProject
Global
	GlobalSection(SolutionConfigurationPlatforms) = preSolution
		Debug|Any CPU = Debug|Any CPU
		Release|Any CPU = Release|Any CPU
	EndGlobalSection
	GlobalSection(ProjectConfigurationPlatforms) = postSolution
		{22956686-654B-488F-9A1E-FD4F536DD46D}.Debug|Any CPU.ActiveCfg = Debug|Any CPU
		{22956686-654B-488F-9A1E-FD4F536DD46D}.Debug|Any CPU.Build.0 = Debug|Any CPU
		{22956686-654B-488F-9A1E-FD4F536DD46D}.Release|Any CPU.ActiveCfg = Release|Any CPU
		{22956686-654B-488F-9A1E-FD4F536DD46D}.Release|Any CPU.Build.0 = Release|Any CPU
		{8C9B8490-E29D-4662-8C05-F58C28090663}.Debug|Any CPU.ActiveCfg = Debug|Any CPU
		{8C9B8490-E29D-4662-8C05-F58C28090663}.Debug|Any CPU.Build.0 = Debug|Any CPU
		{8C9B8490-E29D-4662-8C05-F58C28090663}.Release|Any CPU.ActiveCfg = Release|Any CPU
		{8C9B8490-E29D-4662-8C05-F58C28090663}.Release|Any CPU.Build.0 = Release|Any CPU
		{7C16ECC2-7D68-4440-B825-AB1EADA4F58D}.Debug|Any CPU.ActiveCfg = Debug|Any CPU
		{7C16ECC2-7D68-4440-B825-AB1EADA4F58D}.Debug|Any CPU.Build.0 = Debug|Any CPU
		{7C16ECC2-7D68-4440-B825-AB1EADA4F58D}.Release|Any CPU.ActiveCfg = Release|Any CPU
		{7C16ECC2-7D68-4440-B825-AB1EADA4F58D}.Release|Any CPU.Build.0 = Release|Any CPU
	EndGlobalSection
	GlobalSection(SolutionProperties) = preSolution
		HideSolutionNode = FALSE
	EndGlobalSection
	GlobalSection(ExtensibilityGlobals) = postSolution
		SolutionGuid = {DEDF3569-6E19-4628-B927-6AE53AD8F526}
	EndGlobalSection
EndGlobal
